
Microsoft Visual Studio Solution File, Format Version 11.00
# Visual Studio 2010
Project("{FAE04EC0-301F-11D3-BF4B-00C04F79EFBC}") = "loggly-csharp", "loggly-csharp\loggly-csharp.csproj", "{F66349BA-29A6-4336-BA81-993170FC9963}"
EndProject
Project("{FAE04EC0-301F-11D3-BF4B-00C04F79EFBC}") = "loggly-chspar.tests", "loggly-csharp.tests\loggly-csharp.tests.csproj", "{8276BB03-DBCC-4A94-8111-5D333F49FECD}"
EndProject
Global
	GlobalSection(SolutionConfigurationPlatforms) = preSolution
		Debug|Any CPU = Debug|Any CPU
		Release|Any CPU = Release|Any CPU
	EndGlobalSection
	GlobalSection(ProjectConfigurationPlatforms) = postSolution
		{F66349BA-29A6-4336-BA81-993170FC9963}.Debug|Any CPU.ActiveCfg = Debug|Any CPU
		{F66349BA-29A6-4336-BA81-993170FC9963}.Debug|Any CPU.Build.0 = Debug|Any CPU
		{F66349BA-29A6-4336-BA81-993170FC9963}.Release|Any CPU.ActiveCfg = Release|Any CPU
		{F66349BA-29A6-4336-BA81-993170FC9963}.Release|Any CPU.Build.0 = Release|Any CPU
		{8276BB03-DBCC-4A94-8111-5D333F49FECD}.Debug|Any CPU.ActiveCfg = Debug|Any CPU
		{8276BB03-DBCC-4A94-8111-5D333F49FECD}.Debug|Any CPU.Build.0 = Debug|Any CPU
		{8276BB03-DBCC-4A94-8111-5D333F49FECD}.Release|Any CPU.ActiveCfg = Release|Any CPU
		{8276BB03-DBCC-4A94-8111-5D333F49FECD}.Release|Any CPU.Build.0 = Release|Any CPU
	EndGlobalSection
	GlobalSection(SolutionProperties) = preSolution
		HideSolutionNode = FALSE
	EndGlobalSection
EndGlobal
