
Microsoft Visual Studio Solution File, Format Version 12.00
# Visual Studio 2013
VisualStudioVersion = 12.0.30501.0
MinimumVisualStudioVersion = 10.0.40219.1
Project("{2150E333-8FDC-42A3-9474-1A3956D46DE8}") = "stuff", "stuff", "{5B1BDA21-CAE4-4686-B45B-1087AA9A36F4}"
	ProjectSection(SolutionItems) = preProject
		license.txt = license.txt
		package.cmd = package.cmd
	EndProjectSection
EndProject
Project("{FAE04EC0-301F-11D3-BF4B-00C04F79EFBC}") = "loggly-csharp.tests", "source\loggly-csharp.tests\loggly-csharp.tests.csproj", "{8276BB03-DBCC-4A94-8111-5D333F49FECD}"
EndProject
Project("{FAE04EC0-301F-11D3-BF4B-00C04F79EFBC}") = "loggly-csharp", "source\loggly-csharp\loggly-csharp.csproj", "{F66349BA-29A6-4336-BA81-993170FC9963}"
EndProject
Global
	GlobalSection(SolutionConfigurationPlatforms) = preSolution
		Debug|Any CPU = Debug|Any CPU
		Release|Any CPU = Release|Any CPU
	EndGlobalSection
	GlobalSection(ProjectConfigurationPlatforms) = postSolution
		{8276BB03-DBCC-4A94-8111-5D333F49FECD}.Debug|Any CPU.ActiveCfg = Debug|Any CPU
		{8276BB03-DBCC-4A94-8111-5D333F49FECD}.Debug|Any CPU.Build.0 = Debug|Any CPU
		{8276BB03-DBCC-4A94-8111-5D333F49FECD}.Release|Any CPU.ActiveCfg = Release|Any CPU
		{8276BB03-DBCC-4A94-8111-5D333F49FECD}.Release|Any CPU.Build.0 = Release|Any CPU
		{F66349BA-29A6-4336-BA81-993170FC9963}.Debug|Any CPU.ActiveCfg = Debug|Any CPU
		{F66349BA-29A6-4336-BA81-993170FC9963}.Debug|Any CPU.Build.0 = Debug|Any CPU
		{F66349BA-29A6-4336-BA81-993170FC9963}.Release|Any CPU.ActiveCfg = Release|Any CPU
		{F66349BA-29A6-4336-BA81-993170FC9963}.Release|Any CPU.Build.0 = Release|Any CPU
	EndGlobalSection
	GlobalSection(SolutionProperties) = preSolution
		HideSolutionNode = FALSE
	EndGlobalSection
EndGlobal
